// !$*UTF8*$!
{
	archiveVersion = 1;
	classes = {
	};
	objectVersion = 52;
	objects = {

/* Begin PBXBuildFile section */
		ED50EB40258E1349009B10DF /* FoodicsAssesment.xcdatamodeld in Sources */ = {isa = PBXBuildFile; fileRef = ED50EB3E258E1349009B10DF /* FoodicsAssesment.xcdatamodeld */; };
		EDB13890258B78D800461A4D /* Error+Extension.swift in Sources */ = {isa = PBXBuildFile; fileRef = EDB1388F258B78D800461A4D /* Error+Extension.swift */; };
		EDB1389E258B7B8C00461A4D /* UIImageView+Extension.swift in Sources */ = {isa = PBXBuildFile; fileRef = EDB1389D258B7B8C00461A4D /* UIImageView+Extension.swift */; };
		EDB138BB258BC68C00461A4D /* NavigationItem+Extention.swift in Sources */ = {isa = PBXBuildFile; fileRef = EDB138BA258BC68C00461A4D /* NavigationItem+Extention.swift */; };
		EDB138C6258BC99300461A4D /* ProductsVC.xib in Resources */ = {isa = PBXBuildFile; fileRef = EDB138C3258BC99300461A4D /* ProductsVC.xib */; };
		EDB138C7258BC99300461A4D /* ProductsPresenter.swift in Sources */ = {isa = PBXBuildFile; fileRef = EDB138C4258BC99300461A4D /* ProductsPresenter.swift */; };
		EDB138C8258BC99300461A4D /* ProductsVC.swift in Sources */ = {isa = PBXBuildFile; fileRef = EDB138C5258BC99300461A4D /* ProductsVC.swift */; };
		EDB138D0258BCBD100461A4D /* ProductsApiRequest.swift in Sources */ = {isa = PBXBuildFile; fileRef = EDB138CF258BCBD100461A4D /* ProductsApiRequest.swift */; };
		EDB138D6258BCE2E00461A4D /* Product.swift in Sources */ = {isa = PBXBuildFile; fileRef = EDB138D5258BCE2E00461A4D /* Product.swift */; };
		EDB138E0258BCE6900461A4D /* ProductsUseCase.swift in Sources */ = {isa = PBXBuildFile; fileRef = EDB138DF258BCE6900461A4D /* ProductsUseCase.swift */; };
		EDB138EC258BCFF800461A4D /* ProductsContainers.swift in Sources */ = {isa = PBXBuildFile; fileRef = EDB138EB258BCFF800461A4D /* ProductsContainers.swift */; };
		EDB13901258BDA1E00461A4D /* BaseVC+Navigation.swift in Sources */ = {isa = PBXBuildFile; fileRef = EDB13900258BDA1E00461A4D /* BaseVC+Navigation.swift */; };
		EDB1391A258BDDB300461A4D /* ProductCell.swift in Sources */ = {isa = PBXBuildFile; fileRef = EDB13918258BDDB300461A4D /* ProductCell.swift */; };
		EDB1391B258BDDB300461A4D /* ProductCell.xib in Resources */ = {isa = PBXBuildFile; fileRef = EDB13919258BDDB300461A4D /* ProductCell.xib */; };
		EDB13923258BDFEE00461A4D /* ProductPopUPVC.xib in Resources */ = {isa = PBXBuildFile; fileRef = EDB13920258BDFEE00461A4D /* ProductPopUPVC.xib */; };
		EDB13924258BDFEE00461A4D /* ProductPopUPPresenter.swift in Sources */ = {isa = PBXBuildFile; fileRef = EDB13921258BDFEE00461A4D /* ProductPopUPPresenter.swift */; };
		EDB13925258BDFEE00461A4D /* ProductPopUPVC.swift in Sources */ = {isa = PBXBuildFile; fileRef = EDB13922258BDFEE00461A4D /* ProductPopUPVC.swift */; };
		EDB13935258BEB2D00461A4D /* PopUpAnimations.swift in Sources */ = {isa = PBXBuildFile; fileRef = EDB13934258BEB2D00461A4D /* PopUpAnimations.swift */; };
		EDB13973258DFF3900461A4D /* CategoryModel.swift in Sources */ = {isa = PBXBuildFile; fileRef = EDB13972258DFF3900461A4D /* CategoryModel.swift */; };
		EDB13978258DFF5A00461A4D /* ProductModel.swift in Sources */ = {isa = PBXBuildFile; fileRef = EDB13977258DFF5A00461A4D /* ProductModel.swift */; };
		EDB1397F258DFFB200461A4D /* CategoryEntity+CoreDataClass.swift in Sources */ = {isa = PBXBuildFile; fileRef = EDB1397E258DFFB200461A4D /* CategoryEntity+CoreDataClass.swift */; };
		EDB13984258DFFCC00461A4D /* ProductEnitiy+CoreDataClass.swift in Sources */ = {isa = PBXBuildFile; fileRef = EDB13983258DFFCC00461A4D /* ProductEnitiy+CoreDataClass.swift */; };
		EDB13989258DFFF900461A4D /* CategoryProductsEntity+CoreDataClass.swift in Sources */ = {isa = PBXBuildFile; fileRef = EDB13988258DFFF900461A4D /* CategoryProductsEntity+CoreDataClass.swift */; };
		EDB1398F258E003200461A4D /* ProductEnitiy+CoreDataProperties.swift in Sources */ = {isa = PBXBuildFile; fileRef = EDB1398E258E003200461A4D /* ProductEnitiy+CoreDataProperties.swift */; };
		EDB13994258E005000461A4D /* CategoryEntity+CoreDataProperties.swift in Sources */ = {isa = PBXBuildFile; fileRef = EDB13993258E005000461A4D /* CategoryEntity+CoreDataProperties.swift */; };
		EDB13999258E006400461A4D /* CategoryProductsEntity+CoreDataProperties.swift in Sources */ = {isa = PBXBuildFile; fileRef = EDB13998258E006400461A4D /* CategoryProductsEntity+CoreDataProperties.swift */; };
		EDB139A9258E021100461A4D /* LocalCategoriesDataSource.swift in Sources */ = {isa = PBXBuildFile; fileRef = EDB139A8258E021100461A4D /* LocalCategoriesDataSource.swift */; };
		EDB139AE258E024000461A4D /* RemoteCategoriesDataSource.swift in Sources */ = {isa = PBXBuildFile; fileRef = EDB139AD258E024000461A4D /* RemoteCategoriesDataSource.swift */; };
		EDB139B4258E029100461A4D /* CategoriesRepository.swift in Sources */ = {isa = PBXBuildFile; fileRef = EDB139B3258E029100461A4D /* CategoriesRepository.swift */; };
		EDB139BE258E02CE00461A4D /* RemoteProductsDataSource.swift in Sources */ = {isa = PBXBuildFile; fileRef = EDB139BD258E02CE00461A4D /* RemoteProductsDataSource.swift */; };
		EDB139C3258E02F600461A4D /* LocalProductsDataSource.swift in Sources */ = {isa = PBXBuildFile; fileRef = EDB139C2258E02F600461A4D /* LocalProductsDataSource.swift */; };
		EDB139C8258E033000461A4D /* ProductsRepository.swift in Sources */ = {isa = PBXBuildFile; fileRef = EDB139C7258E033000461A4D /* ProductsRepository.swift */; };
		EDB139D1258E044500461A4D /* CoreDataManager.swift in Sources */ = {isa = PBXBuildFile; fileRef = EDB139D0258E044500461A4D /* CoreDataManager.swift */; };
		EDB139D6258E046000461A4D /* DataBaseManagerProtocol.swift in Sources */ = {isa = PBXBuildFile; fileRef = EDB139D5258E046000461A4D /* DataBaseManagerProtocol.swift */; };
		EDCBE899258B402D00FC618B /* AppDelegate.swift in Sources */ = {isa = PBXBuildFile; fileRef = EDCBE898258B402D00FC618B /* AppDelegate.swift */; };
		EDCBE89B258B402D00FC618B /* SceneDelegate.swift in Sources */ = {isa = PBXBuildFile; fileRef = EDCBE89A258B402D00FC618B /* SceneDelegate.swift */; };
		EDCBE8A0258B402D00FC618B /* Main.storyboard in Resources */ = {isa = PBXBuildFile; fileRef = EDCBE89E258B402D00FC618B /* Main.storyboard */; };
		EDCBE8A2258B403000FC618B /* Assets.xcassets in Resources */ = {isa = PBXBuildFile; fileRef = EDCBE8A1258B403000FC618B /* Assets.xcassets */; };
		EDCBE8A5258B403000FC618B /* LaunchScreen.storyboard in Resources */ = {isa = PBXBuildFile; fileRef = EDCBE8A3258B403000FC618B /* LaunchScreen.storyboard */; };
		EDCBE8B0258B403000FC618B /* FoodicsAssesmentTests.swift in Sources */ = {isa = PBXBuildFile; fileRef = EDCBE8AF258B403000FC618B /* FoodicsAssesmentTests.swift */; };
		EDCBE8BB258B403000FC618B /* FoodicsAssesmentUITests.swift in Sources */ = {isa = PBXBuildFile; fileRef = EDCBE8BA258B403000FC618B /* FoodicsAssesmentUITests.swift */; };
		EDCBE8E0258B448E00FC618B /* Kingfisher in Frameworks */ = {isa = PBXBuildFile; productRef = EDCBE8DF258B448E00FC618B /* Kingfisher */; };
		EDCBE8E6258B44AA00FC618B /* Promises in Frameworks */ = {isa = PBXBuildFile; productRef = EDCBE8E5258B44AA00FC618B /* Promises */; };
		EDCBE8E8258B44AA00FC618B /* FBLPromises in Frameworks */ = {isa = PBXBuildFile; productRef = EDCBE8E7258B44AA00FC618B /* FBLPromises */; };
		EDCBE8F1258B451800FC618B /* Resolver.swift in Sources */ = {isa = PBXBuildFile; fileRef = EDCBE8F0258B451800FC618B /* Resolver.swift */; };
		EDCBE8F8258B454200FC618B /* Resolver+ResolverRegistering.swift in Sources */ = {isa = PBXBuildFile; fileRef = EDCBE8F7258B454200FC618B /* Resolver+ResolverRegistering.swift */; };
		EDCBE900258B45AA00FC618B /* Resolver.md in Resources */ = {isa = PBXBuildFile; fileRef = EDCBE8FF258B45AA00FC618B /* Resolver.md */; };
		EDCBE910258B46CE00FC618B /* Environment.swift in Sources */ = {isa = PBXBuildFile; fileRef = EDCBE90F258B46CE00FC618B /* Environment.swift */; };
		EDCBE915258B46F600FC618B /* PlistKey.swift in Sources */ = {isa = PBXBuildFile; fileRef = EDCBE914258B46F600FC618B /* PlistKey.swift */; };
		EDCBE91D258B47A300FC618B /* Debug.xcconfig in Resources */ = {isa = PBXBuildFile; fileRef = EDCBE91C258B47A300FC618B /* Debug.xcconfig */; };
		EDCBE932258B48B900FC618B /* InternetManagerProtocol.swift in Sources */ = {isa = PBXBuildFile; fileRef = EDCBE931258B48B900FC618B /* InternetManagerProtocol.swift */; };
		EDCBE937258B490400FC618B /* InternetManager.swift in Sources */ = {isa = PBXBuildFile; fileRef = EDCBE936258B490400FC618B /* InternetManager.swift */; };
		EDCBE93C258B490A00FC618B /* Reachability.swift in Sources */ = {isa = PBXBuildFile; fileRef = EDCBE93B258B490A00FC618B /* Reachability.swift */; };
		EDCBE942258B4BB400FC618B /* APIRequestProtocol.swift in Sources */ = {isa = PBXBuildFile; fileRef = EDCBE941258B4BB400FC618B /* APIRequestProtocol.swift */; };
		EDCBE947258B4BDE00FC618B /* APIAuthorization.swift in Sources */ = {isa = PBXBuildFile; fileRef = EDCBE946258B4BDE00FC618B /* APIAuthorization.swift */; };
		EDCBE94D258B4C3D00FC618B /* Constants.swift in Sources */ = {isa = PBXBuildFile; fileRef = EDCBE94C258B4C3D00FC618B /* Constants.swift */; };
		EDCBE955258B4D3A00FC618B /* ApiRequestREADME.md in Resources */ = {isa = PBXBuildFile; fileRef = EDCBE954258B4D3A00FC618B /* ApiRequestREADME.md */; };
		EDCBE95A258B4D5E00FC618B /* BaseAPIRequest.swift in Sources */ = {isa = PBXBuildFile; fileRef = EDCBE959258B4D5E00FC618B /* BaseAPIRequest.swift */; };
		EDCBE964258B4DBB00FC618B /* ErrorModel.swift in Sources */ = {isa = PBXBuildFile; fileRef = EDCBE963258B4DBB00FC618B /* ErrorModel.swift */; };
		EDCBE96C258B4E4200FC618B /* APIRequestProviderError.swift in Sources */ = {isa = PBXBuildFile; fileRef = EDCBE96B258B4E4200FC618B /* APIRequestProviderError.swift */; };
		EDCBE971258B4E9B00FC618B /* APIMangerError.swift in Sources */ = {isa = PBXBuildFile; fileRef = EDCBE970258B4E9B00FC618B /* APIMangerError.swift */; };
		EDCBE977258B4F5800FC618B /* APIRequestProviderREADME.md in Resources */ = {isa = PBXBuildFile; fileRef = EDCBE976258B4F5800FC618B /* APIRequestProviderREADME.md */; };
		EDCBE97C258B4F6B00FC618B /* APIRequestProvider.swift in Sources */ = {isa = PBXBuildFile; fileRef = EDCBE97B258B4F6B00FC618B /* APIRequestProvider.swift */; };
		EDCBE981258B4F8C00FC618B /* APIRequestProviderProtocol.swift in Sources */ = {isa = PBXBuildFile; fileRef = EDCBE980258B4F8C00FC618B /* APIRequestProviderProtocol.swift */; };
		EDCBE988258B4FFF00FC618B /* NetworkContainers.swift in Sources */ = {isa = PBXBuildFile; fileRef = EDCBE987258B4FFF00FC618B /* NetworkContainers.swift */; };
		EDCBE99F258B506000FC618B /* APIManager.swift in Sources */ = {isa = PBXBuildFile; fileRef = EDCBE99E258B506000FC618B /* APIManager.swift */; };
		EDCBE9A4258B507600FC618B /* NetworkManagerProtocol.swift in Sources */ = {isa = PBXBuildFile; fileRef = EDCBE9A3258B507600FC618B /* NetworkManagerProtocol.swift */; };
		EDCBE9B2258B545F00FC618B /* BaseUseCaseProtocol.swift in Sources */ = {isa = PBXBuildFile; fileRef = EDCBE9B1258B545F00FC618B /* BaseUseCaseProtocol.swift */; };
		EDCBE9BB258B575000FC618B /* BasePresenter.swift in Sources */ = {isa = PBXBuildFile; fileRef = EDCBE9BA258B575000FC618B /* BasePresenter.swift */; };
		EDCBE9C5258B57CA00FC618B /* BaseVC.swift in Sources */ = {isa = PBXBuildFile; fileRef = EDCBE9C4258B57CA00FC618B /* BaseVC.swift */; };
		EDCBE9CB258B57FF00FC618B /* BaseViewProtocol.swift in Sources */ = {isa = PBXBuildFile; fileRef = EDCBE9CA258B57FF00FC618B /* BaseViewProtocol.swift */; };
		EDCBE9D5258B595600FC618B /* LoaderView.swift in Sources */ = {isa = PBXBuildFile; fileRef = EDCBE9D3258B595600FC618B /* LoaderView.swift */; };
		EDCBE9D6258B595600FC618B /* LoaderView.xib in Resources */ = {isa = PBXBuildFile; fileRef = EDCBE9D4258B595600FC618B /* LoaderView.xib */; };
		EDCBE9DD258B5C9200FC618B /* ErrorView.swift in Sources */ = {isa = PBXBuildFile; fileRef = EDCBE9DB258B5C9200FC618B /* ErrorView.swift */; };
		EDCBE9DE258B5C9200FC618B /* ErrorView.xib in Resources */ = {isa = PBXBuildFile; fileRef = EDCBE9DC258B5C9200FC618B /* ErrorView.xib */; };
		EDCBEA00258B623600FC618B /* HomeVC.swift in Sources */ = {isa = PBXBuildFile; fileRef = EDCBE9FE258B623600FC618B /* HomeVC.swift */; };
		EDCBEA01258B623600FC618B /* HomeVC.xib in Resources */ = {isa = PBXBuildFile; fileRef = EDCBE9FF258B623600FC618B /* HomeVC.xib */; };
		EDCBEA0C258B624B00FC618B /* HomePresenter.swift in Sources */ = {isa = PBXBuildFile; fileRef = EDCBEA09258B624B00FC618B /* HomePresenter.swift */; };
		EDCBEA19258B638000FC618B /* CategoriesContainers.swift in Sources */ = {isa = PBXBuildFile; fileRef = EDCBEA18258B638000FC618B /* CategoriesContainers.swift */; };
		EDCBEA28258B69A900FC618B /* CategoryCell.swift in Sources */ = {isa = PBXBuildFile; fileRef = EDCBEA26258B69A900FC618B /* CategoryCell.swift */; };
		EDCBEA29258B69A900FC618B /* CategoryCell.xib in Resources */ = {isa = PBXBuildFile; fileRef = EDCBEA27258B69A900FC618B /* CategoryCell.xib */; };
		EDCBEA45258B6DE800FC618B /* CategoriesApiRequest.swift in Sources */ = {isa = PBXBuildFile; fileRef = EDCBEA44258B6DE800FC618B /* CategoriesApiRequest.swift */; };
		EDCBEA4B258B6E9C00FC618B /* CategoriesUseCase.swift in Sources */ = {isa = PBXBuildFile; fileRef = EDCBEA4A258B6E9C00FC618B /* CategoriesUseCase.swift */; };
		EDCBEA53258B6ED400FC618B /* CategoryAPIModle.swift in Sources */ = {isa = PBXBuildFile; fileRef = EDCBEA52258B6ED400FC618B /* CategoryAPIModle.swift */; };
		EDCBEA70258B73F500FC618B /* UICollectionView+Extension.swift in Sources */ = {isa = PBXBuildFile; fileRef = EDCBEA6F258B73F500FC618B /* UICollectionView+Extension.swift */; };
		EDCBEA75258B745400FC618B /* NSObject+Extension.swift in Sources */ = {isa = PBXBuildFile; fileRef = EDCBEA74258B745400FC618B /* NSObject+Extension.swift */; };
/* End PBXBuildFile section */

/* Begin PBXContainerItemProxy section */
		EDCBE8AC258B403000FC618B /* PBXContainerItemProxy */ = {
			isa = PBXContainerItemProxy;
			containerPortal = EDCBE88D258B402D00FC618B /* Project object */;
			proxyType = 1;
			remoteGlobalIDString = EDCBE894258B402D00FC618B;
			remoteInfo = FoodicsAssesment;
		};
		EDCBE8B7258B403000FC618B /* PBXContainerItemProxy */ = {
			isa = PBXContainerItemProxy;
			containerPortal = EDCBE88D258B402D00FC618B /* Project object */;
			proxyType = 1;
			remoteGlobalIDString = EDCBE894258B402D00FC618B;
			remoteInfo = FoodicsAssesment;
		};
/* End PBXContainerItemProxy section */

/* Begin PBXFileReference section */
		ED50EB3F258E1349009B10DF /* FoodicsAssesment.xcdatamodel */ = {isa = PBXFileReference; lastKnownFileType = wrapper.xcdatamodel; path = FoodicsAssesment.xcdatamodel; sourceTree = "<group>"; };
		EDB1388F258B78D800461A4D /* Error+Extension.swift */ = {isa = PBXFileReference; fileEncoding = 4; lastKnownFileType = sourcecode.swift; path = "Error+Extension.swift"; sourceTree = "<group>"; };
		EDB1389D258B7B8C00461A4D /* UIImageView+Extension.swift */ = {isa = PBXFileReference; fileEncoding = 4; lastKnownFileType = sourcecode.swift; path = "UIImageView+Extension.swift"; sourceTree = "<group>"; };
		EDB138BA258BC68C00461A4D /* NavigationItem+Extention.swift */ = {isa = PBXFileReference; lastKnownFileType = sourcecode.swift; path = "NavigationItem+Extention.swift"; sourceTree = "<group>"; };
		EDB138C3258BC99300461A4D /* ProductsVC.xib */ = {isa = PBXFileReference; lastKnownFileType = file.xib; path = ProductsVC.xib; sourceTree = "<group>"; };
		EDB138C4258BC99300461A4D /* ProductsPresenter.swift */ = {isa = PBXFileReference; lastKnownFileType = sourcecode.swift; path = ProductsPresenter.swift; sourceTree = "<group>"; };
		EDB138C5258BC99300461A4D /* ProductsVC.swift */ = {isa = PBXFileReference; lastKnownFileType = sourcecode.swift; path = ProductsVC.swift; sourceTree = "<group>"; };
		EDB138CF258BCBD100461A4D /* ProductsApiRequest.swift */ = {isa = PBXFileReference; lastKnownFileType = sourcecode.swift; path = ProductsApiRequest.swift; sourceTree = "<group>"; };
		EDB138D5258BCE2E00461A4D /* Product.swift */ = {isa = PBXFileReference; lastKnownFileType = sourcecode.swift; path = Product.swift; sourceTree = "<group>"; };
		EDB138DF258BCE6900461A4D /* ProductsUseCase.swift */ = {isa = PBXFileReference; lastKnownFileType = sourcecode.swift; path = ProductsUseCase.swift; sourceTree = "<group>"; };
		EDB138EB258BCFF800461A4D /* ProductsContainers.swift */ = {isa = PBXFileReference; lastKnownFileType = sourcecode.swift; path = ProductsContainers.swift; sourceTree = "<group>"; };
		EDB13900258BDA1E00461A4D /* BaseVC+Navigation.swift */ = {isa = PBXFileReference; lastKnownFileType = sourcecode.swift; path = "BaseVC+Navigation.swift"; sourceTree = "<group>"; };
		EDB13918258BDDB300461A4D /* ProductCell.swift */ = {isa = PBXFileReference; lastKnownFileType = sourcecode.swift; path = ProductCell.swift; sourceTree = "<group>"; };
		EDB13919258BDDB300461A4D /* ProductCell.xib */ = {isa = PBXFileReference; lastKnownFileType = file.xib; path = ProductCell.xib; sourceTree = "<group>"; };
		EDB13920258BDFEE00461A4D /* ProductPopUPVC.xib */ = {isa = PBXFileReference; lastKnownFileType = file.xib; path = ProductPopUPVC.xib; sourceTree = "<group>"; };
		EDB13921258BDFEE00461A4D /* ProductPopUPPresenter.swift */ = {isa = PBXFileReference; lastKnownFileType = sourcecode.swift; path = ProductPopUPPresenter.swift; sourceTree = "<group>"; };
		EDB13922258BDFEE00461A4D /* ProductPopUPVC.swift */ = {isa = PBXFileReference; lastKnownFileType = sourcecode.swift; path = ProductPopUPVC.swift; sourceTree = "<group>"; };
		EDB13934258BEB2D00461A4D /* PopUpAnimations.swift */ = {isa = PBXFileReference; lastKnownFileType = sourcecode.swift; path = PopUpAnimations.swift; sourceTree = "<group>"; };
		EDB13972258DFF3900461A4D /* CategoryModel.swift */ = {isa = PBXFileReference; lastKnownFileType = sourcecode.swift; path = CategoryModel.swift; sourceTree = "<group>"; };
		EDB13977258DFF5A00461A4D /* ProductModel.swift */ = {isa = PBXFileReference; lastKnownFileType = sourcecode.swift; path = ProductModel.swift; sourceTree = "<group>"; };
		EDB1397E258DFFB200461A4D /* CategoryEntity+CoreDataClass.swift */ = {isa = PBXFileReference; lastKnownFileType = sourcecode.swift; path = "CategoryEntity+CoreDataClass.swift"; sourceTree = "<group>"; };
		EDB13983258DFFCC00461A4D /* ProductEnitiy+CoreDataClass.swift */ = {isa = PBXFileReference; lastKnownFileType = sourcecode.swift; path = "ProductEnitiy+CoreDataClass.swift"; sourceTree = "<group>"; };
		EDB13988258DFFF900461A4D /* CategoryProductsEntity+CoreDataClass.swift */ = {isa = PBXFileReference; lastKnownFileType = sourcecode.swift; path = "CategoryProductsEntity+CoreDataClass.swift"; sourceTree = "<group>"; };
		EDB1398E258E003200461A4D /* ProductEnitiy+CoreDataProperties.swift */ = {isa = PBXFileReference; lastKnownFileType = sourcecode.swift; path = "ProductEnitiy+CoreDataProperties.swift"; sourceTree = "<group>"; };
		EDB13993258E005000461A4D /* CategoryEntity+CoreDataProperties.swift */ = {isa = PBXFileReference; lastKnownFileType = sourcecode.swift; path = "CategoryEntity+CoreDataProperties.swift"; sourceTree = "<group>"; };
		EDB13998258E006400461A4D /* CategoryProductsEntity+CoreDataProperties.swift */ = {isa = PBXFileReference; lastKnownFileType = sourcecode.swift; path = "CategoryProductsEntity+CoreDataProperties.swift"; sourceTree = "<group>"; };
		EDB139A8258E021100461A4D /* LocalCategoriesDataSource.swift */ = {isa = PBXFileReference; lastKnownFileType = sourcecode.swift; path = LocalCategoriesDataSource.swift; sourceTree = "<group>"; };
		EDB139AD258E024000461A4D /* RemoteCategoriesDataSource.swift */ = {isa = PBXFileReference; lastKnownFileType = sourcecode.swift; path = RemoteCategoriesDataSource.swift; sourceTree = "<group>"; };
		EDB139B3258E029100461A4D /* CategoriesRepository.swift */ = {isa = PBXFileReference; lastKnownFileType = sourcecode.swift; path = CategoriesRepository.swift; sourceTree = "<group>"; };
		EDB139BD258E02CE00461A4D /* RemoteProductsDataSource.swift */ = {isa = PBXFileReference; lastKnownFileType = sourcecode.swift; path = RemoteProductsDataSource.swift; sourceTree = "<group>"; };
		EDB139C2258E02F600461A4D /* LocalProductsDataSource.swift */ = {isa = PBXFileReference; lastKnownFileType = sourcecode.swift; path = LocalProductsDataSource.swift; sourceTree = "<group>"; };
		EDB139C7258E033000461A4D /* ProductsRepository.swift */ = {isa = PBXFileReference; lastKnownFileType = sourcecode.swift; path = ProductsRepository.swift; sourceTree = "<group>"; };
		EDB139D0258E044500461A4D /* CoreDataManager.swift */ = {isa = PBXFileReference; lastKnownFileType = sourcecode.swift; path = CoreDataManager.swift; sourceTree = "<group>"; };
		EDB139D5258E046000461A4D /* DataBaseManagerProtocol.swift */ = {isa = PBXFileReference; lastKnownFileType = sourcecode.swift; path = DataBaseManagerProtocol.swift; sourceTree = "<group>"; };
		EDCBE895258B402D00FC618B /* FoodicsAssesment.app */ = {isa = PBXFileReference; explicitFileType = wrapper.application; includeInIndex = 0; path = FoodicsAssesment.app; sourceTree = BUILT_PRODUCTS_DIR; };
		EDCBE898258B402D00FC618B /* AppDelegate.swift */ = {isa = PBXFileReference; lastKnownFileType = sourcecode.swift; path = AppDelegate.swift; sourceTree = "<group>"; };
		EDCBE89A258B402D00FC618B /* SceneDelegate.swift */ = {isa = PBXFileReference; lastKnownFileType = sourcecode.swift; path = SceneDelegate.swift; sourceTree = "<group>"; };
		EDCBE89F258B402D00FC618B /* Base */ = {isa = PBXFileReference; lastKnownFileType = file.storyboard; name = Base; path = Base.lproj/Main.storyboard; sourceTree = "<group>"; };
		EDCBE8A1258B403000FC618B /* Assets.xcassets */ = {isa = PBXFileReference; lastKnownFileType = folder.assetcatalog; path = Assets.xcassets; sourceTree = "<group>"; };
		EDCBE8A4258B403000FC618B /* Base */ = {isa = PBXFileReference; lastKnownFileType = file.storyboard; name = Base; path = Base.lproj/LaunchScreen.storyboard; sourceTree = "<group>"; };
		EDCBE8A6258B403000FC618B /* Info.plist */ = {isa = PBXFileReference; lastKnownFileType = text.plist.xml; path = Info.plist; sourceTree = "<group>"; };
		EDCBE8AB258B403000FC618B /* FoodicsAssesmentTests.xctest */ = {isa = PBXFileReference; explicitFileType = wrapper.cfbundle; includeInIndex = 0; path = FoodicsAssesmentTests.xctest; sourceTree = BUILT_PRODUCTS_DIR; };
		EDCBE8AF258B403000FC618B /* FoodicsAssesmentTests.swift */ = {isa = PBXFileReference; lastKnownFileType = sourcecode.swift; path = FoodicsAssesmentTests.swift; sourceTree = "<group>"; };
		EDCBE8B1258B403000FC618B /* Info.plist */ = {isa = PBXFileReference; lastKnownFileType = text.plist.xml; path = Info.plist; sourceTree = "<group>"; };
		EDCBE8B6258B403000FC618B /* FoodicsAssesmentUITests.xctest */ = {isa = PBXFileReference; explicitFileType = wrapper.cfbundle; includeInIndex = 0; path = FoodicsAssesmentUITests.xctest; sourceTree = BUILT_PRODUCTS_DIR; };
		EDCBE8BA258B403000FC618B /* FoodicsAssesmentUITests.swift */ = {isa = PBXFileReference; lastKnownFileType = sourcecode.swift; path = FoodicsAssesmentUITests.swift; sourceTree = "<group>"; };
		EDCBE8BC258B403000FC618B /* Info.plist */ = {isa = PBXFileReference; lastKnownFileType = text.plist.xml; path = Info.plist; sourceTree = "<group>"; };
		EDCBE8F0258B451800FC618B /* Resolver.swift */ = {isa = PBXFileReference; fileEncoding = 4; lastKnownFileType = sourcecode.swift; path = Resolver.swift; sourceTree = "<group>"; };
		EDCBE8F7258B454200FC618B /* Resolver+ResolverRegistering.swift */ = {isa = PBXFileReference; lastKnownFileType = sourcecode.swift; path = "Resolver+ResolverRegistering.swift"; sourceTree = "<group>"; };
		EDCBE8FF258B45AA00FC618B /* Resolver.md */ = {isa = PBXFileReference; fileEncoding = 4; lastKnownFileType = net.daringfireball.markdown; path = Resolver.md; sourceTree = "<group>"; };
		EDCBE90F258B46CE00FC618B /* Environment.swift */ = {isa = PBXFileReference; lastKnownFileType = sourcecode.swift; path = Environment.swift; sourceTree = "<group>"; };
		EDCBE914258B46F600FC618B /* PlistKey.swift */ = {isa = PBXFileReference; lastKnownFileType = sourcecode.swift; path = PlistKey.swift; sourceTree = "<group>"; };
		EDCBE91C258B47A300FC618B /* Debug.xcconfig */ = {isa = PBXFileReference; lastKnownFileType = text.xcconfig; path = Debug.xcconfig; sourceTree = "<group>"; };
		EDCBE931258B48B900FC618B /* InternetManagerProtocol.swift */ = {isa = PBXFileReference; lastKnownFileType = sourcecode.swift; path = InternetManagerProtocol.swift; sourceTree = "<group>"; };
		EDCBE936258B490400FC618B /* InternetManager.swift */ = {isa = PBXFileReference; fileEncoding = 4; lastKnownFileType = sourcecode.swift; path = InternetManager.swift; sourceTree = "<group>"; };
		EDCBE93B258B490A00FC618B /* Reachability.swift */ = {isa = PBXFileReference; fileEncoding = 4; lastKnownFileType = sourcecode.swift; path = Reachability.swift; sourceTree = "<group>"; };
		EDCBE941258B4BB400FC618B /* APIRequestProtocol.swift */ = {isa = PBXFileReference; lastKnownFileType = sourcecode.swift; path = APIRequestProtocol.swift; sourceTree = "<group>"; };
		EDCBE946258B4BDE00FC618B /* APIAuthorization.swift */ = {isa = PBXFileReference; lastKnownFileType = sourcecode.swift; path = APIAuthorization.swift; sourceTree = "<group>"; };
		EDCBE94C258B4C3D00FC618B /* Constants.swift */ = {isa = PBXFileReference; lastKnownFileType = sourcecode.swift; path = Constants.swift; sourceTree = "<group>"; };
		EDCBE954258B4D3A00FC618B /* ApiRequestREADME.md */ = {isa = PBXFileReference; fileEncoding = 4; lastKnownFileType = net.daringfireball.markdown; path = ApiRequestREADME.md; sourceTree = "<group>"; };
		EDCBE959258B4D5E00FC618B /* BaseAPIRequest.swift */ = {isa = PBXFileReference; lastKnownFileType = sourcecode.swift; path = BaseAPIRequest.swift; sourceTree = "<group>"; };
		EDCBE963258B4DBB00FC618B /* ErrorModel.swift */ = {isa = PBXFileReference; lastKnownFileType = sourcecode.swift; path = ErrorModel.swift; sourceTree = "<group>"; };
		EDCBE96B258B4E4200FC618B /* APIRequestProviderError.swift */ = {isa = PBXFileReference; lastKnownFileType = sourcecode.swift; path = APIRequestProviderError.swift; sourceTree = "<group>"; };
		EDCBE970258B4E9B00FC618B /* APIMangerError.swift */ = {isa = PBXFileReference; lastKnownFileType = sourcecode.swift; path = APIMangerError.swift; sourceTree = "<group>"; };
		EDCBE976258B4F5800FC618B /* APIRequestProviderREADME.md */ = {isa = PBXFileReference; fileEncoding = 4; lastKnownFileType = net.daringfireball.markdown; path = APIRequestProviderREADME.md; sourceTree = "<group>"; };
		EDCBE97B258B4F6B00FC618B /* APIRequestProvider.swift */ = {isa = PBXFileReference; lastKnownFileType = sourcecode.swift; path = APIRequestProvider.swift; sourceTree = "<group>"; };
		EDCBE980258B4F8C00FC618B /* APIRequestProviderProtocol.swift */ = {isa = PBXFileReference; lastKnownFileType = sourcecode.swift; path = APIRequestProviderProtocol.swift; sourceTree = "<group>"; };
		EDCBE987258B4FFF00FC618B /* NetworkContainers.swift */ = {isa = PBXFileReference; lastKnownFileType = sourcecode.swift; path = NetworkContainers.swift; sourceTree = "<group>"; };
		EDCBE99E258B506000FC618B /* APIManager.swift */ = {isa = PBXFileReference; lastKnownFileType = sourcecode.swift; path = APIManager.swift; sourceTree = "<group>"; };
		EDCBE9A3258B507600FC618B /* NetworkManagerProtocol.swift */ = {isa = PBXFileReference; lastKnownFileType = sourcecode.swift; path = NetworkManagerProtocol.swift; sourceTree = "<group>"; };
		EDCBE9B1258B545F00FC618B /* BaseUseCaseProtocol.swift */ = {isa = PBXFileReference; lastKnownFileType = sourcecode.swift; path = BaseUseCaseProtocol.swift; sourceTree = "<group>"; };
		EDCBE9BA258B575000FC618B /* BasePresenter.swift */ = {isa = PBXFileReference; lastKnownFileType = sourcecode.swift; path = BasePresenter.swift; sourceTree = "<group>"; };
		EDCBE9C4258B57CA00FC618B /* BaseVC.swift */ = {isa = PBXFileReference; lastKnownFileType = sourcecode.swift; path = BaseVC.swift; sourceTree = "<group>"; };
		EDCBE9CA258B57FF00FC618B /* BaseViewProtocol.swift */ = {isa = PBXFileReference; lastKnownFileType = sourcecode.swift; path = BaseViewProtocol.swift; sourceTree = "<group>"; };
		EDCBE9D3258B595600FC618B /* LoaderView.swift */ = {isa = PBXFileReference; fileEncoding = 4; lastKnownFileType = sourcecode.swift; path = LoaderView.swift; sourceTree = "<group>"; };
		EDCBE9D4258B595600FC618B /* LoaderView.xib */ = {isa = PBXFileReference; fileEncoding = 4; lastKnownFileType = file.xib; path = LoaderView.xib; sourceTree = "<group>"; };
		EDCBE9DB258B5C9200FC618B /* ErrorView.swift */ = {isa = PBXFileReference; fileEncoding = 4; lastKnownFileType = sourcecode.swift; path = ErrorView.swift; sourceTree = "<group>"; };
		EDCBE9DC258B5C9200FC618B /* ErrorView.xib */ = {isa = PBXFileReference; fileEncoding = 4; lastKnownFileType = file.xib; path = ErrorView.xib; sourceTree = "<group>"; };
		EDCBE9FE258B623600FC618B /* HomeVC.swift */ = {isa = PBXFileReference; lastKnownFileType = sourcecode.swift; path = HomeVC.swift; sourceTree = "<group>"; };
		EDCBE9FF258B623600FC618B /* HomeVC.xib */ = {isa = PBXFileReference; lastKnownFileType = file.xib; path = HomeVC.xib; sourceTree = "<group>"; };
		EDCBEA09258B624B00FC618B /* HomePresenter.swift */ = {isa = PBXFileReference; lastKnownFileType = sourcecode.swift; path = HomePresenter.swift; sourceTree = "<group>"; };
		EDCBEA18258B638000FC618B /* CategoriesContainers.swift */ = {isa = PBXFileReference; lastKnownFileType = sourcecode.swift; path = CategoriesContainers.swift; sourceTree = "<group>"; };
		EDCBEA26258B69A900FC618B /* CategoryCell.swift */ = {isa = PBXFileReference; lastKnownFileType = sourcecode.swift; path = CategoryCell.swift; sourceTree = "<group>"; };
		EDCBEA27258B69A900FC618B /* CategoryCell.xib */ = {isa = PBXFileReference; lastKnownFileType = file.xib; path = CategoryCell.xib; sourceTree = "<group>"; };
		EDCBEA44258B6DE800FC618B /* CategoriesApiRequest.swift */ = {isa = PBXFileReference; lastKnownFileType = sourcecode.swift; path = CategoriesApiRequest.swift; sourceTree = "<group>"; };
		EDCBEA4A258B6E9C00FC618B /* CategoriesUseCase.swift */ = {isa = PBXFileReference; lastKnownFileType = sourcecode.swift; path = CategoriesUseCase.swift; sourceTree = "<group>"; };
		EDCBEA52258B6ED400FC618B /* CategoryAPIModle.swift */ = {isa = PBXFileReference; lastKnownFileType = sourcecode.swift; path = CategoryAPIModle.swift; sourceTree = "<group>"; };
		EDCBEA6F258B73F500FC618B /* UICollectionView+Extension.swift */ = {isa = PBXFileReference; fileEncoding = 4; lastKnownFileType = sourcecode.swift; path = "UICollectionView+Extension.swift"; sourceTree = "<group>"; };
		EDCBEA74258B745400FC618B /* NSObject+Extension.swift */ = {isa = PBXFileReference; fileEncoding = 4; lastKnownFileType = sourcecode.swift; path = "NSObject+Extension.swift"; sourceTree = "<group>"; };
/* End PBXFileReference section */

/* Begin PBXFrameworksBuildPhase section */
		EDCBE892258B402D00FC618B /* Frameworks */ = {
			isa = PBXFrameworksBuildPhase;
			buildActionMask = 2147483647;
			files = (
				EDCBE8E8258B44AA00FC618B /* FBLPromises in Frameworks */,
				EDCBE8E6258B44AA00FC618B /* Promises in Frameworks */,
				EDCBE8E0258B448E00FC618B /* Kingfisher in Frameworks */,
			);
			runOnlyForDeploymentPostprocessing = 0;
		};
		EDCBE8A8258B403000FC618B /* Frameworks */ = {
			isa = PBXFrameworksBuildPhase;
			buildActionMask = 2147483647;
			files = (
			);
			runOnlyForDeploymentPostprocessing = 0;
		};
		EDCBE8B3258B403000FC618B /* Frameworks */ = {
			isa = PBXFrameworksBuildPhase;
			buildActionMask = 2147483647;
			files = (
			);
			runOnlyForDeploymentPostprocessing = 0;
		};
/* End PBXFrameworksBuildPhase section */

/* Begin PBXGroup section */
		EDB138C2258BC97A00461A4D /* Products */ = {
			isa = PBXGroup;
			children = (
				EDB1390B258BDD7200461A4D /* reusableViews */,
				EDB138C4258BC99300461A4D /* ProductsPresenter.swift */,
				EDB138C5258BC99300461A4D /* ProductsVC.swift */,
				EDB138C3258BC99300461A4D /* ProductsVC.xib */,
			);
			path = Products;
			sourceTree = "<group>";
		};
		EDB138DD258BCE4A00461A4D /* Categories */ = {
			isa = PBXGroup;
			children = (
				EDCBEA4A258B6E9C00FC618B /* CategoriesUseCase.swift */,
			);
			path = Categories;
			sourceTree = "<group>";
		};
		EDB138DE258BCE5800461A4D /* Products */ = {
			isa = PBXGroup;
			children = (
				EDB138DF258BCE6900461A4D /* ProductsUseCase.swift */,
			);
			path = Products;
			sourceTree = "<group>";
		};
		EDB138EA258BCFEB00461A4D /* Products */ = {
			isa = PBXGroup;
			children = (
				EDB138EB258BCFF800461A4D /* ProductsContainers.swift */,
			);
			path = Products;
			sourceTree = "<group>";
		};
		EDB1390B258BDD7200461A4D /* reusableViews */ = {
			isa = PBXGroup;
			children = (
				EDB1390C258BDD7500461A4D /* ProductCell */,
			);
			path = reusableViews;
			sourceTree = "<group>";
		};
		EDB1390C258BDD7500461A4D /* ProductCell */ = {
			isa = PBXGroup;
			children = (
				EDB13918258BDDB300461A4D /* ProductCell.swift */,
				EDB13919258BDDB300461A4D /* ProductCell.xib */,
			);
			path = ProductCell;
			sourceTree = "<group>";
		};
		EDB1391F258BDFCD00461A4D /* ProductPopUP */ = {
			isa = PBXGroup;
			children = (
				EDB13921258BDFEE00461A4D /* ProductPopUPPresenter.swift */,
				EDB13922258BDFEE00461A4D /* ProductPopUPVC.swift */,
				EDB13920258BDFEE00461A4D /* ProductPopUPVC.xib */,
			);
			path = ProductPopUP;
			sourceTree = "<group>";
		};
		EDB13971258DFF0E00461A4D /* API Models */ = {
			isa = PBXGroup;
			children = (
				EDCBEA52258B6ED400FC618B /* CategoryAPIModle.swift */,
				EDB138D5258BCE2E00461A4D /* Product.swift */,
			);
			path = "API Models";
			sourceTree = "<group>";
		};
		EDB1397C258DFF8C00461A4D /* CoreData */ = {
			isa = PBXGroup;
			children = (
				ED50EB3E258E1349009B10DF /* FoodicsAssesment.xcdatamodeld */,
				EDB1397E258DFFB200461A4D /* CategoryEntity+CoreDataClass.swift */,
				EDB13983258DFFCC00461A4D /* ProductEnitiy+CoreDataClass.swift */,
				EDB13988258DFFF900461A4D /* CategoryProductsEntity+CoreDataClass.swift */,
				EDB1398D258E000B00461A4D /* Auto Generated */,
			);
			path = CoreData;
			sourceTree = "<group>";
		};
		EDB1398D258E000B00461A4D /* Auto Generated */ = {
			isa = PBXGroup;
			children = (
				EDB1398E258E003200461A4D /* ProductEnitiy+CoreDataProperties.swift */,
				EDB13993258E005000461A4D /* CategoryEntity+CoreDataProperties.swift */,
				EDB13998258E006400461A4D /* CategoryProductsEntity+CoreDataProperties.swift */,
			);
			path = "Auto Generated";
			sourceTree = "<group>";
		};
		EDB139A6258E01EA00461A4D /* Categories Repository */ = {
			isa = PBXGroup;
			children = (
				EDB139A7258E020400461A4D /* Data Sources */,
				EDB139B3258E029100461A4D /* CategoriesRepository.swift */,
			);
			path = "Categories Repository";
			sourceTree = "<group>";
		};
		EDB139A7258E020400461A4D /* Data Sources */ = {
			isa = PBXGroup;
			children = (
				EDB139A8258E021100461A4D /* LocalCategoriesDataSource.swift */,
				EDB139AD258E024000461A4D /* RemoteCategoriesDataSource.swift */,
			);
			path = "Data Sources";
			sourceTree = "<group>";
		};
		EDB139BB258E02AF00461A4D /* Product Repository */ = {
			isa = PBXGroup;
			children = (
				EDB139C7258E033000461A4D /* ProductsRepository.swift */,
				EDB139BC258E02C300461A4D /* Data Sources */,
			);
			path = "Product Repository";
			sourceTree = "<group>";
		};
		EDB139BC258E02C300461A4D /* Data Sources */ = {
			isa = PBXGroup;
			children = (
				EDB139BD258E02CE00461A4D /* RemoteProductsDataSource.swift */,
				EDB139C2258E02F600461A4D /* LocalProductsDataSource.swift */,
			);
			path = "Data Sources";
			sourceTree = "<group>";
		};
		EDB139CF258E043300461A4D /* DataBase Layer */ = {
			isa = PBXGroup;
			children = (
				EDB139D0258E044500461A4D /* CoreDataManager.swift */,
				EDB139D5258E046000461A4D /* DataBaseManagerProtocol.swift */,
			);
			path = "DataBase Layer";
			sourceTree = "<group>";
		};
		EDCBE88C258B402D00FC618B = {
			isa = PBXGroup;
			children = (
				EDCBE897258B402D00FC618B /* FoodicsAssesment */,
				EDCBE8AE258B403000FC618B /* FoodicsAssesmentTests */,
				EDCBE8B9258B403000FC618B /* FoodicsAssesmentUITests */,
				EDCBE896258B402D00FC618B /* Products */,
			);
			sourceTree = "<group>";
		};
		EDCBE896258B402D00FC618B /* Products */ = {
			isa = PBXGroup;
			children = (
				EDCBE895258B402D00FC618B /* FoodicsAssesment.app */,
				EDCBE8AB258B403000FC618B /* FoodicsAssesmentTests.xctest */,
				EDCBE8B6258B403000FC618B /* FoodicsAssesmentUITests.xctest */,
			);
			name = Products;
			sourceTree = "<group>";
		};
		EDCBE897258B402D00FC618B /* FoodicsAssesment */ = {
			isa = PBXGroup;
			children = (
				EDCBE8CE258B416800FC618B /* App Delegates */,
				EDCBE8CF258B419000FC618B /* Scenes */,
				EDCBE8D4258B42C900FC618B /* Core */,
				EDCBE90C258B468E00FC618B /* Config Files */,
				EDCBE90B258B466C00FC618B /* Resources */,
			);
			path = FoodicsAssesment;
			sourceTree = "<group>";
		};
		EDCBE8AE258B403000FC618B /* FoodicsAssesmentTests */ = {
			isa = PBXGroup;
			children = (
				EDCBE8AF258B403000FC618B /* FoodicsAssesmentTests.swift */,
				EDCBE8B1258B403000FC618B /* Info.plist */,
			);
			path = FoodicsAssesmentTests;
			sourceTree = "<group>";
		};
		EDCBE8B9258B403000FC618B /* FoodicsAssesmentUITests */ = {
			isa = PBXGroup;
			children = (
				EDCBE8BA258B403000FC618B /* FoodicsAssesmentUITests.swift */,
				EDCBE8BC258B403000FC618B /* Info.plist */,
			);
			path = FoodicsAssesmentUITests;
			sourceTree = "<group>";
		};
		EDCBE8CE258B416800FC618B /* App Delegates */ = {
			isa = PBXGroup;
			children = (
				EDCBE898258B402D00FC618B /* AppDelegate.swift */,
				EDCBE89A258B402D00FC618B /* SceneDelegate.swift */,
			);
			path = "App Delegates";
			sourceTree = "<group>";
		};
		EDCBE8CF258B419000FC618B /* Scenes */ = {
			isa = PBXGroup;
			children = (
				EDB1391F258BDFCD00461A4D /* ProductPopUP */,
				EDB138C2258BC97A00461A4D /* Products */,
				EDCBE9FC258B621100FC618B /* HomeVC */,
				EDCBE8D0258B41A700FC618B /* Storyboards */,
			);
			path = Scenes;
			sourceTree = "<group>";
		};
		EDCBE8D0258B41A700FC618B /* Storyboards */ = {
			isa = PBXGroup;
			children = (
				EDCBE8A3258B403000FC618B /* LaunchScreen.storyboard */,
				EDCBE89E258B402D00FC618B /* Main.storyboard */,
			);
			path = Storyboards;
			sourceTree = "<group>";
		};
		EDCBE8D4258B42C900FC618B /* Core */ = {
			isa = PBXGroup;
			children = (
				EDCBE8EF258B44E900FC618B /* Dependency Injection */,
				EDCBEA49258B6E8100FC618B /* Domain Layer */,
				EDCBEA41258B6DA600FC618B /* Data Layer */,
				EDCBE904258B45B600FC618B /* Architecture */,
				EDCBE94B258B4C2F00FC618B /* Extensions */,
			);
			path = Core;
			sourceTree = "<group>";
		};
		EDCBE8EF258B44E900FC618B /* Dependency Injection */ = {
			isa = PBXGroup;
			children = (
				EDCBE8F0258B451800FC618B /* Resolver.swift */,
				EDCBE8F7258B454200FC618B /* Resolver+ResolverRegistering.swift */,
				EDCBE985258B4FD400FC618B /* Containers */,
				EDCBE8F5258B453300FC618B /* Docs */,
			);
			path = "Dependency Injection";
			sourceTree = "<group>";
		};
		EDCBE8F5258B453300FC618B /* Docs */ = {
			isa = PBXGroup;
			children = (
				EDCBE8FF258B45AA00FC618B /* Resolver.md */,
			);
			path = Docs;
			sourceTree = "<group>";
		};
		EDCBE904258B45B600FC618B /* Architecture */ = {
			isa = PBXGroup;
			children = (
				EDCBE9B9258B573900FC618B /* UI Layer */,
				EDCBE9A9258B53E700FC618B /* Domain Layer */,
				EDCBE905258B460700FC618B /* Data Layer */,
			);
			path = Architecture;
			sourceTree = "<group>";
		};
		EDCBE905258B460700FC618B /* Data Layer */ = {
			isa = PBXGroup;
			children = (
				EDB139CF258E043300461A4D /* DataBase Layer */,
				EDCBE906258B460D00FC618B /* Network Layer */,
			);
			path = "Data Layer";
			sourceTree = "<group>";
		};
		EDCBE906258B460D00FC618B /* Network Layer */ = {
			isa = PBXGroup;
			children = (
				EDCBE992258B503900FC618B /* Network Manger */,
				EDCBE975258B4F4E00FC618B /* API Request Provider */,
				EDCBE907258B464F00FC618B /* Internet Manger */,
				EDCBE940258B4B9500FC618B /* API Request */,
				EDCBE962258B4D9900FC618B /* Errors */,
			);
			path = "Network Layer";
			sourceTree = "<group>";
		};
		EDCBE907258B464F00FC618B /* Internet Manger */ = {
			isa = PBXGroup;
			children = (
				EDCBE936258B490400FC618B /* InternetManager.swift */,
				EDCBE931258B48B900FC618B /* InternetManagerProtocol.swift */,
				EDCBE92F258B489300FC618B /* Reachability */,
			);
			path = "Internet Manger";
			sourceTree = "<group>";
		};
		EDCBE90B258B466C00FC618B /* Resources */ = {
			isa = PBXGroup;
			children = (
				EDCBE8A1258B403000FC618B /* Assets.xcassets */,
				EDCBE8A6258B403000FC618B /* Info.plist */,
			);
			path = Resources;
			sourceTree = "<group>";
		};
		EDCBE90C258B468E00FC618B /* Config Files */ = {
			isa = PBXGroup;
			children = (
				EDCBE90E258B46B700FC618B /* Debug */,
				EDCBE90D258B46AC00FC618B /* Utiltlites */,
			);
			path = "Config Files";
			sourceTree = "<group>";
		};
		EDCBE90D258B46AC00FC618B /* Utiltlites */ = {
			isa = PBXGroup;
			children = (
				EDCBE90F258B46CE00FC618B /* Environment.swift */,
				EDCBE914258B46F600FC618B /* PlistKey.swift */,
			);
			path = Utiltlites;
			sourceTree = "<group>";
		};
		EDCBE90E258B46B700FC618B /* Debug */ = {
			isa = PBXGroup;
			children = (
				EDCBE91C258B47A300FC618B /* Debug.xcconfig */,
			);
			path = Debug;
			sourceTree = "<group>";
		};
		EDCBE92F258B489300FC618B /* Reachability */ = {
			isa = PBXGroup;
			children = (
				EDCBE93B258B490A00FC618B /* Reachability.swift */,
			);
			path = Reachability;
			sourceTree = "<group>";
		};
		EDCBE940258B4B9500FC618B /* API Request */ = {
			isa = PBXGroup;
			children = (
				EDCBE941258B4BB400FC618B /* APIRequestProtocol.swift */,
				EDCBE954258B4D3A00FC618B /* ApiRequestREADME.md */,
				EDCBE946258B4BDE00FC618B /* APIAuthorization.swift */,
				EDCBE959258B4D5E00FC618B /* BaseAPIRequest.swift */,
			);
			path = "API Request";
			sourceTree = "<group>";
		};
		EDCBE94B258B4C2F00FC618B /* Extensions */ = {
			isa = PBXGroup;
			children = (
				EDCBEA6E258B73E700FC618B /* CollectionView */,
				EDCBE9DA258B5C6500FC618B /* Error View */,
				EDCBE9D2258B594C00FC618B /* Loader View */,
				EDB138BA258BC68C00461A4D /* NavigationItem+Extention.swift */,
				EDB13934258BEB2D00461A4D /* PopUpAnimations.swift */,
				EDB1389D258B7B8C00461A4D /* UIImageView+Extension.swift */,
				EDB1388F258B78D800461A4D /* Error+Extension.swift */,
				EDCBEA74258B745400FC618B /* NSObject+Extension.swift */,
				EDCBE94C258B4C3D00FC618B /* Constants.swift */,
			);
			path = Extensions;
			sourceTree = "<group>";
		};
		EDCBE962258B4D9900FC618B /* Errors */ = {
			isa = PBXGroup;
			children = (
				EDCBE963258B4DBB00FC618B /* ErrorModel.swift */,
				EDCBE96B258B4E4200FC618B /* APIRequestProviderError.swift */,
				EDCBE970258B4E9B00FC618B /* APIMangerError.swift */,
			);
			path = Errors;
			sourceTree = "<group>";
		};
		EDCBE975258B4F4E00FC618B /* API Request Provider */ = {
			isa = PBXGroup;
			children = (
				EDCBE976258B4F5800FC618B /* APIRequestProviderREADME.md */,
				EDCBE980258B4F8C00FC618B /* APIRequestProviderProtocol.swift */,
				EDCBE97B258B4F6B00FC618B /* APIRequestProvider.swift */,
			);
			path = "API Request Provider";
			sourceTree = "<group>";
		};
		EDCBE985258B4FD400FC618B /* Containers */ = {
			isa = PBXGroup;
			children = (
				EDB138EA258BCFEB00461A4D /* Products */,
				EDCBEA17258B636500FC618B /* Categories */,
				EDCBE986258B4FEA00FC618B /* Network Layer */,
			);
			path = Containers;
			sourceTree = "<group>";
		};
		EDCBE986258B4FEA00FC618B /* Network Layer */ = {
			isa = PBXGroup;
			children = (
				EDCBE987258B4FFF00FC618B /* NetworkContainers.swift */,
			);
			path = "Network Layer";
			sourceTree = "<group>";
		};
		EDCBE992258B503900FC618B /* Network Manger */ = {
			isa = PBXGroup;
			children = (
				EDCBE99E258B506000FC618B /* APIManager.swift */,
				EDCBE9A3258B507600FC618B /* NetworkManagerProtocol.swift */,
			);
			path = "Network Manger";
			sourceTree = "<group>";
		};
		EDCBE9A9258B53E700FC618B /* Domain Layer */ = {
			isa = PBXGroup;
			children = (
				EDCBE9AF258B541A00FC618B /* UseCases */,
			);
			path = "Domain Layer";
			sourceTree = "<group>";
		};
		EDCBE9AF258B541A00FC618B /* UseCases */ = {
			isa = PBXGroup;
			children = (
				EDCBE9B1258B545F00FC618B /* BaseUseCaseProtocol.swift */,
			);
			path = UseCases;
			sourceTree = "<group>";
		};
		EDCBE9B9258B573900FC618B /* UI Layer */ = {
			isa = PBXGroup;
			children = (
				EDCBE9C3258B57A700FC618B /* View Layer */,
				EDCBE9BF258B575400FC618B /* Presententation Layer */,
			);
			path = "UI Layer";
			sourceTree = "<group>";
		};
		EDCBE9BF258B575400FC618B /* Presententation Layer */ = {
			isa = PBXGroup;
			children = (
				EDCBE9BA258B575000FC618B /* BasePresenter.swift */,
			);
			path = "Presententation Layer";
			sourceTree = "<group>";
		};
		EDCBE9C3258B57A700FC618B /* View Layer */ = {
			isa = PBXGroup;
			children = (
				EDCBE9C4258B57CA00FC618B /* BaseVC.swift */,
				EDB13900258BDA1E00461A4D /* BaseVC+Navigation.swift */,
				EDCBE9CA258B57FF00FC618B /* BaseViewProtocol.swift */,
			);
			path = "View Layer";
			sourceTree = "<group>";
		};
		EDCBE9D2258B594C00FC618B /* Loader View */ = {
			isa = PBXGroup;
			children = (
				EDCBE9D3258B595600FC618B /* LoaderView.swift */,
				EDCBE9D4258B595600FC618B /* LoaderView.xib */,
			);
			path = "Loader View";
			sourceTree = "<group>";
		};
		EDCBE9DA258B5C6500FC618B /* Error View */ = {
			isa = PBXGroup;
			children = (
				EDCBE9DB258B5C9200FC618B /* ErrorView.swift */,
				EDCBE9DC258B5C9200FC618B /* ErrorView.xib */,
			);
			path = "Error View";
			sourceTree = "<group>";
		};
		EDCBE9FC258B621100FC618B /* HomeVC */ = {
			isa = PBXGroup;
			children = (
				EDCBEA25258B696100FC618B /* reusableViews */,
				EDCBEA09258B624B00FC618B /* HomePresenter.swift */,
				EDCBE9FE258B623600FC618B /* HomeVC.swift */,
				EDCBE9FF258B623600FC618B /* HomeVC.xib */,
			);
			path = HomeVC;
			sourceTree = "<group>";
		};
		EDCBEA17258B636500FC618B /* Categories */ = {
			isa = PBXGroup;
			children = (
				EDCBEA18258B638000FC618B /* CategoriesContainers.swift */,
			);
			path = Categories;
			sourceTree = "<group>";
		};
		EDCBEA25258B696100FC618B /* reusableViews */ = {
			isa = PBXGroup;
			children = (
				EDCBEA26258B69A900FC618B /* CategoryCell.swift */,
				EDCBEA27258B69A900FC618B /* CategoryCell.xib */,
			);
			path = reusableViews;
			sourceTree = "<group>";
		};
		EDCBEA41258B6DA600FC618B /* Data Layer */ = {
			isa = PBXGroup;
			children = (
				EDB139BB258E02AF00461A4D /* Product Repository */,
				EDB139A6258E01EA00461A4D /* Categories Repository */,
				EDB1397C258DFF8C00461A4D /* CoreData */,
				EDCBEA42258B6DB800FC618B /* Models */,
				EDCBEA43258B6DC700FC618B /* API */,
			);
			path = "Data Layer";
			sourceTree = "<group>";
		};
		EDCBEA42258B6DB800FC618B /* Models */ = {
			isa = PBXGroup;
			children = (
				EDB13972258DFF3900461A4D /* CategoryModel.swift */,
				EDB13977258DFF5A00461A4D /* ProductModel.swift */,
			);
			path = Models;
			sourceTree = "<group>";
		};
		EDCBEA43258B6DC700FC618B /* API */ = {
			isa = PBXGroup;
			children = (
				EDB13971258DFF0E00461A4D /* API Models */,
				EDCBEA44258B6DE800FC618B /* CategoriesApiRequest.swift */,
				EDB138CF258BCBD100461A4D /* ProductsApiRequest.swift */,
			);
			path = API;
			sourceTree = "<group>";
		};
		EDCBEA49258B6E8100FC618B /* Domain Layer */ = {
			isa = PBXGroup;
			children = (
				EDB138DE258BCE5800461A4D /* Products */,
				EDB138DD258BCE4A00461A4D /* Categories */,
			);
			path = "Domain Layer";
			sourceTree = "<group>";
		};
		EDCBEA6E258B73E700FC618B /* CollectionView */ = {
			isa = PBXGroup;
			children = (
				EDCBEA6F258B73F500FC618B /* UICollectionView+Extension.swift */,
			);
			path = CollectionView;
			sourceTree = "<group>";
		};
/* End PBXGroup section */

/* Begin PBXNativeTarget section */
		EDCBE894258B402D00FC618B /* FoodicsAssesment */ = {
			isa = PBXNativeTarget;
			buildConfigurationList = EDCBE8BF258B403000FC618B /* Build configuration list for PBXNativeTarget "FoodicsAssesment" */;
			buildPhases = (
				EDCBE891258B402D00FC618B /* Sources */,
				EDCBE892258B402D00FC618B /* Frameworks */,
				EDCBE893258B402D00FC618B /* Resources */,
			);
			buildRules = (
			);
			dependencies = (
			);
			name = FoodicsAssesment;
			packageProductDependencies = (
				EDCBE8DF258B448E00FC618B /* Kingfisher */,
				EDCBE8E5258B44AA00FC618B /* Promises */,
				EDCBE8E7258B44AA00FC618B /* FBLPromises */,
			);
			productName = FoodicsAssesment;
			productReference = EDCBE895258B402D00FC618B /* FoodicsAssesment.app */;
			productType = "com.apple.product-type.application";
		};
		EDCBE8AA258B403000FC618B /* FoodicsAssesmentTests */ = {
			isa = PBXNativeTarget;
			buildConfigurationList = EDCBE8C2258B403000FC618B /* Build configuration list for PBXNativeTarget "FoodicsAssesmentTests" */;
			buildPhases = (
				EDCBE8A7258B403000FC618B /* Sources */,
				EDCBE8A8258B403000FC618B /* Frameworks */,
				EDCBE8A9258B403000FC618B /* Resources */,
			);
			buildRules = (
			);
			dependencies = (
				EDCBE8AD258B403000FC618B /* PBXTargetDependency */,
			);
			name = FoodicsAssesmentTests;
			productName = FoodicsAssesmentTests;
			productReference = EDCBE8AB258B403000FC618B /* FoodicsAssesmentTests.xctest */;
			productType = "com.apple.product-type.bundle.unit-test";
		};
		EDCBE8B5258B403000FC618B /* FoodicsAssesmentUITests */ = {
			isa = PBXNativeTarget;
			buildConfigurationList = EDCBE8C5258B403000FC618B /* Build configuration list for PBXNativeTarget "FoodicsAssesmentUITests" */;
			buildPhases = (
				EDCBE8B2258B403000FC618B /* Sources */,
				EDCBE8B3258B403000FC618B /* Frameworks */,
				EDCBE8B4258B403000FC618B /* Resources */,
			);
			buildRules = (
			);
			dependencies = (
				EDCBE8B8258B403000FC618B /* PBXTargetDependency */,
			);
			name = FoodicsAssesmentUITests;
			productName = FoodicsAssesmentUITests;
			productReference = EDCBE8B6258B403000FC618B /* FoodicsAssesmentUITests.xctest */;
			productType = "com.apple.product-type.bundle.ui-testing";
		};
/* End PBXNativeTarget section */

/* Begin PBXProject section */
		EDCBE88D258B402D00FC618B /* Project object */ = {
			isa = PBXProject;
			attributes = {
				LastSwiftUpdateCheck = 1210;
				LastUpgradeCheck = 1210;
				TargetAttributes = {
					EDCBE894258B402D00FC618B = {
						CreatedOnToolsVersion = 12.1;
					};
					EDCBE8AA258B403000FC618B = {
						CreatedOnToolsVersion = 12.1;
						TestTargetID = EDCBE894258B402D00FC618B;
					};
					EDCBE8B5258B403000FC618B = {
						CreatedOnToolsVersion = 12.1;
						TestTargetID = EDCBE894258B402D00FC618B;
					};
				};
			};
			buildConfigurationList = EDCBE890258B402D00FC618B /* Build configuration list for PBXProject "FoodicsAssesment" */;
			compatibilityVersion = "Xcode 9.3";
			developmentRegion = en;
			hasScannedForEncodings = 0;
			knownRegions = (
				en,
				Base,
			);
			mainGroup = EDCBE88C258B402D00FC618B;
			packageReferences = (
				EDCBE8DE258B448E00FC618B /* XCRemoteSwiftPackageReference "Kingfisher" */,
				EDCBE8E4258B44AA00FC618B /* XCRemoteSwiftPackageReference "promises" */,
			);
			productRefGroup = EDCBE896258B402D00FC618B /* Products */;
			projectDirPath = "";
			projectRoot = "";
			targets = (
				EDCBE894258B402D00FC618B /* FoodicsAssesment */,
				EDCBE8AA258B403000FC618B /* FoodicsAssesmentTests */,
				EDCBE8B5258B403000FC618B /* FoodicsAssesmentUITests */,
			);
		};
/* End PBXProject section */

/* Begin PBXResourcesBuildPhase section */
		EDCBE893258B402D00FC618B /* Resources */ = {
			isa = PBXResourcesBuildPhase;
			buildActionMask = 2147483647;
			files = (
				EDB1391B258BDDB300461A4D /* ProductCell.xib in Resources */,
				EDCBE900258B45AA00FC618B /* Resolver.md in Resources */,
				EDCBE9D6258B595600FC618B /* LoaderView.xib in Resources */,
				EDCBE8A5258B403000FC618B /* LaunchScreen.storyboard in Resources */,
				EDCBE977258B4F5800FC618B /* APIRequestProviderREADME.md in Resources */,
				EDCBE8A2258B403000FC618B /* Assets.xcassets in Resources */,
				EDCBE91D258B47A300FC618B /* Debug.xcconfig in Resources */,
				EDCBE9DE258B5C9200FC618B /* ErrorView.xib in Resources */,
				EDCBEA29258B69A900FC618B /* CategoryCell.xib in Resources */,
				EDB13923258BDFEE00461A4D /* ProductPopUPVC.xib in Resources */,
				EDB138C6258BC99300461A4D /* ProductsVC.xib in Resources */,
				EDCBEA01258B623600FC618B /* HomeVC.xib in Resources */,
				EDCBE8A0258B402D00FC618B /* Main.storyboard in Resources */,
				EDCBE955258B4D3A00FC618B /* ApiRequestREADME.md in Resources */,
			);
			runOnlyForDeploymentPostprocessing = 0;
		};
		EDCBE8A9258B403000FC618B /* Resources */ = {
			isa = PBXResourcesBuildPhase;
			buildActionMask = 2147483647;
			files = (
			);
			runOnlyForDeploymentPostprocessing = 0;
		};
		EDCBE8B4258B403000FC618B /* Resources */ = {
			isa = PBXResourcesBuildPhase;
			buildActionMask = 2147483647;
			files = (
			);
			runOnlyForDeploymentPostprocessing = 0;
		};
/* End PBXResourcesBuildPhase section */

/* Begin PBXSourcesBuildPhase section */
		EDCBE891258B402D00FC618B /* Sources */ = {
			isa = PBXSourcesBuildPhase;
			buildActionMask = 2147483647;
			files = (
				EDB13901258BDA1E00461A4D /* BaseVC+Navigation.swift in Sources */,
				EDCBE964258B4DBB00FC618B /* ErrorModel.swift in Sources */,
				EDB138D6258BCE2E00461A4D /* Product.swift in Sources */,
				EDCBE915258B46F600FC618B /* PlistKey.swift in Sources */,
				EDCBE947258B4BDE00FC618B /* APIAuthorization.swift in Sources */,
				EDCBE932258B48B900FC618B /* InternetManagerProtocol.swift in Sources */,
				EDCBEA28258B69A900FC618B /* CategoryCell.swift in Sources */,
				EDCBEA70258B73F500FC618B /* UICollectionView+Extension.swift in Sources */,
				EDCBE8F1258B451800FC618B /* Resolver.swift in Sources */,
				EDCBE9B2258B545F00FC618B /* BaseUseCaseProtocol.swift in Sources */,
				EDCBE9BB258B575000FC618B /* BasePresenter.swift in Sources */,
				EDB138BB258BC68C00461A4D /* NavigationItem+Extention.swift in Sources */,
				EDB139C3258E02F600461A4D /* LocalProductsDataSource.swift in Sources */,
				EDCBEA53258B6ED400FC618B /* CategoryAPIModle.swift in Sources */,
				EDB13973258DFF3900461A4D /* CategoryModel.swift in Sources */,
				EDCBEA4B258B6E9C00FC618B /* CategoriesUseCase.swift in Sources */,
				EDCBE899258B402D00FC618B /* AppDelegate.swift in Sources */,
				EDCBE96C258B4E4200FC618B /* APIRequestProviderError.swift in Sources */,
				EDCBE9C5258B57CA00FC618B /* BaseVC.swift in Sources */,
				EDCBE937258B490400FC618B /* InternetManager.swift in Sources */,
				EDCBE9DD258B5C9200FC618B /* ErrorView.swift in Sources */,
				EDB139C8258E033000461A4D /* ProductsRepository.swift in Sources */,
				EDB13984258DFFCC00461A4D /* ProductEnitiy+CoreDataClass.swift in Sources */,
				EDCBEA45258B6DE800FC618B /* CategoriesApiRequest.swift in Sources */,
				EDB139AE258E024000461A4D /* RemoteCategoriesDataSource.swift in Sources */,
				EDB13999258E006400461A4D /* CategoryProductsEntity+CoreDataProperties.swift in Sources */,
				EDB139B4258E029100461A4D /* CategoriesRepository.swift in Sources */,
				EDB138C7258BC99300461A4D /* ProductsPresenter.swift in Sources */,
				EDB1398F258E003200461A4D /* ProductEnitiy+CoreDataProperties.swift in Sources */,
				EDCBEA19258B638000FC618B /* CategoriesContainers.swift in Sources */,
				EDB13978258DFF5A00461A4D /* ProductModel.swift in Sources */,
				EDCBE93C258B490A00FC618B /* Reachability.swift in Sources */,
				EDCBE942258B4BB400FC618B /* APIRequestProtocol.swift in Sources */,
				ED50EB40258E1349009B10DF /* FoodicsAssesment.xcdatamodeld in Sources */,
				EDB13994258E005000461A4D /* CategoryEntity+CoreDataProperties.swift in Sources */,
				EDCBE89B258B402D00FC618B /* SceneDelegate.swift in Sources */,
				EDB139D1258E044500461A4D /* CoreDataManager.swift in Sources */,
				EDB139A9258E021100461A4D /* LocalCategoriesDataSource.swift in Sources */,
				EDB13924258BDFEE00461A4D /* ProductPopUPPresenter.swift in Sources */,
				EDB139D6258E046000461A4D /* DataBaseManagerProtocol.swift in Sources */,
				EDCBE8F8258B454200FC618B /* Resolver+ResolverRegistering.swift in Sources */,
				EDB139BE258E02CE00461A4D /* RemoteProductsDataSource.swift in Sources */,
				EDCBE99F258B506000FC618B /* APIManager.swift in Sources */,
				EDCBE981258B4F8C00FC618B /* APIRequestProviderProtocol.swift in Sources */,
				EDCBE9D5258B595600FC618B /* LoaderView.swift in Sources */,
				EDCBE9CB258B57FF00FC618B /* BaseViewProtocol.swift in Sources */,
				EDCBE988258B4FFF00FC618B /* NetworkContainers.swift in Sources */,
				EDCBE910258B46CE00FC618B /* Environment.swift in Sources */,
				EDB1389E258B7B8C00461A4D /* UIImageView+Extension.swift in Sources */,
				EDCBE9A4258B507600FC618B /* NetworkManagerProtocol.swift in Sources */,
				EDB138C8258BC99300461A4D /* ProductsVC.swift in Sources */,
				EDCBEA0C258B624B00FC618B /* HomePresenter.swift in Sources */,
				EDCBEA00258B623600FC618B /* HomeVC.swift in Sources */,
				EDB138EC258BCFF800461A4D /* ProductsContainers.swift in Sources */,
				EDCBE971258B4E9B00FC618B /* APIMangerError.swift in Sources */,
				EDB13925258BDFEE00461A4D /* ProductPopUPVC.swift in Sources */,
				EDB138E0258BCE6900461A4D /* ProductsUseCase.swift in Sources */,
				EDCBEA75258B745400FC618B /* NSObject+Extension.swift in Sources */,
				EDB13935258BEB2D00461A4D /* PopUpAnimations.swift in Sources */,
				EDB13989258DFFF900461A4D /* CategoryProductsEntity+CoreDataClass.swift in Sources */,
				EDCBE95A258B4D5E00FC618B /* BaseAPIRequest.swift in Sources */,
				EDB13890258B78D800461A4D /* Error+Extension.swift in Sources */,
				EDCBE94D258B4C3D00FC618B /* Constants.swift in Sources */,
				EDB1391A258BDDB300461A4D /* ProductCell.swift in Sources */,
				EDCBE97C258B4F6B00FC618B /* APIRequestProvider.swift in Sources */,
				EDB1397F258DFFB200461A4D /* CategoryEntity+CoreDataClass.swift in Sources */,
				EDB138D0258BCBD100461A4D /* ProductsApiRequest.swift in Sources */,
			);
			runOnlyForDeploymentPostprocessing = 0;
		};
		EDCBE8A7258B403000FC618B /* Sources */ = {
			isa = PBXSourcesBuildPhase;
			buildActionMask = 2147483647;
			files = (
				EDCBE8B0258B403000FC618B /* FoodicsAssesmentTests.swift in Sources */,
			);
			runOnlyForDeploymentPostprocessing = 0;
		};
		EDCBE8B2258B403000FC618B /* Sources */ = {
			isa = PBXSourcesBuildPhase;
			buildActionMask = 2147483647;
			files = (
				EDCBE8BB258B403000FC618B /* FoodicsAssesmentUITests.swift in Sources */,
			);
			runOnlyForDeploymentPostprocessing = 0;
		};
/* End PBXSourcesBuildPhase section */

/* Begin PBXTargetDependency section */
		EDCBE8AD258B403000FC618B /* PBXTargetDependency */ = {
			isa = PBXTargetDependency;
			target = EDCBE894258B402D00FC618B /* FoodicsAssesment */;
			targetProxy = EDCBE8AC258B403000FC618B /* PBXContainerItemProxy */;
		};
		EDCBE8B8258B403000FC618B /* PBXTargetDependency */ = {
			isa = PBXTargetDependency;
			target = EDCBE894258B402D00FC618B /* FoodicsAssesment */;
			targetProxy = EDCBE8B7258B403000FC618B /* PBXContainerItemProxy */;
		};
/* End PBXTargetDependency section */

/* Begin PBXVariantGroup section */
		EDCBE89E258B402D00FC618B /* Main.storyboard */ = {
			isa = PBXVariantGroup;
			children = (
				EDCBE89F258B402D00FC618B /* Base */,
			);
			name = Main.storyboard;
			sourceTree = "<group>";
		};
		EDCBE8A3258B403000FC618B /* LaunchScreen.storyboard */ = {
			isa = PBXVariantGroup;
			children = (
				EDCBE8A4258B403000FC618B /* Base */,
			);
			name = LaunchScreen.storyboard;
			sourceTree = "<group>";
		};
/* End PBXVariantGroup section */

/* Begin XCBuildConfiguration section */
		EDCBE8BD258B403000FC618B /* Debug */ = {
			isa = XCBuildConfiguration;
			buildSettings = {
				ALWAYS_SEARCH_USER_PATHS = NO;
				CLANG_ANALYZER_NONNULL = YES;
				CLANG_ANALYZER_NUMBER_OBJECT_CONVERSION = YES_AGGRESSIVE;
				CLANG_CXX_LANGUAGE_STANDARD = "gnu++14";
				CLANG_CXX_LIBRARY = "libc++";
				CLANG_ENABLE_MODULES = YES;
				CLANG_ENABLE_OBJC_ARC = YES;
				CLANG_ENABLE_OBJC_WEAK = YES;
				CLANG_WARN_BLOCK_CAPTURE_AUTORELEASING = YES;
				CLANG_WARN_BOOL_CONVERSION = YES;
				CLANG_WARN_COMMA = YES;
				CLANG_WARN_CONSTANT_CONVERSION = YES;
				CLANG_WARN_DEPRECATED_OBJC_IMPLEMENTATIONS = YES;
				CLANG_WARN_DIRECT_OBJC_ISA_USAGE = YES_ERROR;
				CLANG_WARN_DOCUMENTATION_COMMENTS = YES;
				CLANG_WARN_EMPTY_BODY = YES;
				CLANG_WARN_ENUM_CONVERSION = YES;
				CLANG_WARN_INFINITE_RECURSION = YES;
				CLANG_WARN_INT_CONVERSION = YES;
				CLANG_WARN_NON_LITERAL_NULL_CONVERSION = YES;
				CLANG_WARN_OBJC_IMPLICIT_RETAIN_SELF = YES;
				CLANG_WARN_OBJC_LITERAL_CONVERSION = YES;
				CLANG_WARN_OBJC_ROOT_CLASS = YES_ERROR;
				CLANG_WARN_QUOTED_INCLUDE_IN_FRAMEWORK_HEADER = YES;
				CLANG_WARN_RANGE_LOOP_ANALYSIS = YES;
				CLANG_WARN_STRICT_PROTOTYPES = YES;
				CLANG_WARN_SUSPICIOUS_MOVE = YES;
				CLANG_WARN_UNGUARDED_AVAILABILITY = YES_AGGRESSIVE;
				CLANG_WARN_UNREACHABLE_CODE = YES;
				CLANG_WARN__DUPLICATE_METHOD_MATCH = YES;
				COPY_PHASE_STRIP = NO;
				DEBUG_INFORMATION_FORMAT = dwarf;
				ENABLE_STRICT_OBJC_MSGSEND = YES;
				ENABLE_TESTABILITY = YES;
				GCC_C_LANGUAGE_STANDARD = gnu11;
				GCC_DYNAMIC_NO_PIC = NO;
				GCC_NO_COMMON_BLOCKS = YES;
				GCC_OPTIMIZATION_LEVEL = 0;
				GCC_PREPROCESSOR_DEFINITIONS = (
					"DEBUG=1",
					"$(inherited)",
				);
				GCC_WARN_64_TO_32_BIT_CONVERSION = YES;
				GCC_WARN_ABOUT_RETURN_TYPE = YES_ERROR;
				GCC_WARN_UNDECLARED_SELECTOR = YES;
				GCC_WARN_UNINITIALIZED_AUTOS = YES_AGGRESSIVE;
				GCC_WARN_UNUSED_FUNCTION = YES;
				GCC_WARN_UNUSED_VARIABLE = YES;
				IPHONEOS_DEPLOYMENT_TARGET = 14.1;
				MTL_ENABLE_DEBUG_INFO = INCLUDE_SOURCE;
				MTL_FAST_MATH = YES;
				ONLY_ACTIVE_ARCH = YES;
				SDKROOT = iphoneos;
				SWIFT_ACTIVE_COMPILATION_CONDITIONS = DEBUG;
				SWIFT_OPTIMIZATION_LEVEL = "-Onone";
			};
			name = Debug;
		};
		EDCBE8BE258B403000FC618B /* Release */ = {
			isa = XCBuildConfiguration;
			buildSettings = {
				ALWAYS_SEARCH_USER_PATHS = NO;
				CLANG_ANALYZER_NONNULL = YES;
				CLANG_ANALYZER_NUMBER_OBJECT_CONVERSION = YES_AGGRESSIVE;
				CLANG_CXX_LANGUAGE_STANDARD = "gnu++14";
				CLANG_CXX_LIBRARY = "libc++";
				CLANG_ENABLE_MODULES = YES;
				CLANG_ENABLE_OBJC_ARC = YES;
				CLANG_ENABLE_OBJC_WEAK = YES;
				CLANG_WARN_BLOCK_CAPTURE_AUTORELEASING = YES;
				CLANG_WARN_BOOL_CONVERSION = YES;
				CLANG_WARN_COMMA = YES;
				CLANG_WARN_CONSTANT_CONVERSION = YES;
				CLANG_WARN_DEPRECATED_OBJC_IMPLEMENTATIONS = YES;
				CLANG_WARN_DIRECT_OBJC_ISA_USAGE = YES_ERROR;
				CLANG_WARN_DOCUMENTATION_COMMENTS = YES;
				CLANG_WARN_EMPTY_BODY = YES;
				CLANG_WARN_ENUM_CONVERSION = YES;
				CLANG_WARN_INFINITE_RECURSION = YES;
				CLANG_WARN_INT_CONVERSION = YES;
				CLANG_WARN_NON_LITERAL_NULL_CONVERSION = YES;
				CLANG_WARN_OBJC_IMPLICIT_RETAIN_SELF = YES;
				CLANG_WARN_OBJC_LITERAL_CONVERSION = YES;
				CLANG_WARN_OBJC_ROOT_CLASS = YES_ERROR;
				CLANG_WARN_QUOTED_INCLUDE_IN_FRAMEWORK_HEADER = YES;
				CLANG_WARN_RANGE_LOOP_ANALYSIS = YES;
				CLANG_WARN_STRICT_PROTOTYPES = YES;
				CLANG_WARN_SUSPICIOUS_MOVE = YES;
				CLANG_WARN_UNGUARDED_AVAILABILITY = YES_AGGRESSIVE;
				CLANG_WARN_UNREACHABLE_CODE = YES;
				CLANG_WARN__DUPLICATE_METHOD_MATCH = YES;
				COPY_PHASE_STRIP = NO;
				DEBUG_INFORMATION_FORMAT = "dwarf-with-dsym";
				ENABLE_NS_ASSERTIONS = NO;
				ENABLE_STRICT_OBJC_MSGSEND = YES;
				GCC_C_LANGUAGE_STANDARD = gnu11;
				GCC_NO_COMMON_BLOCKS = YES;
				GCC_WARN_64_TO_32_BIT_CONVERSION = YES;
				GCC_WARN_ABOUT_RETURN_TYPE = YES_ERROR;
				GCC_WARN_UNDECLARED_SELECTOR = YES;
				GCC_WARN_UNINITIALIZED_AUTOS = YES_AGGRESSIVE;
				GCC_WARN_UNUSED_FUNCTION = YES;
				GCC_WARN_UNUSED_VARIABLE = YES;
				IPHONEOS_DEPLOYMENT_TARGET = 14.1;
				MTL_ENABLE_DEBUG_INFO = NO;
				MTL_FAST_MATH = YES;
				SDKROOT = iphoneos;
				SWIFT_COMPILATION_MODE = wholemodule;
				SWIFT_OPTIMIZATION_LEVEL = "-O";
				VALIDATE_PRODUCT = YES;
			};
			name = Release;
		};
		EDCBE8C0258B403000FC618B /* Debug */ = {
			isa = XCBuildConfiguration;
			baseConfigurationReference = EDCBE91C258B47A300FC618B /* Debug.xcconfig */;
			buildSettings = {
				ASSETCATALOG_COMPILER_APPICON_NAME = AppIcon;
				ASSETCATALOG_COMPILER_GLOBAL_ACCENT_COLOR_NAME = AccentColor;
				CODE_SIGN_STYLE = Automatic;
				DEVELOPMENT_TEAM = ZMN78CD7T5;
				INFOPLIST_FILE = FoodicsAssesment/Resources/Info.plist;
				LD_RUNPATH_SEARCH_PATHS = (
					"$(inherited)",
					"@executable_path/Frameworks",
				);
				PRODUCT_BUNDLE_IDENTIFIER = MG.FoodicsAssesment;
				PRODUCT_NAME = "$(TARGET_NAME)";
				SWIFT_VERSION = 5.0;
				TARGETED_DEVICE_FAMILY = 2;
			};
			name = Debug;
		};
		EDCBE8C1258B403000FC618B /* Release */ = {
			isa = XCBuildConfiguration;
			buildSettings = {
				ASSETCATALOG_COMPILER_APPICON_NAME = AppIcon;
				ASSETCATALOG_COMPILER_GLOBAL_ACCENT_COLOR_NAME = AccentColor;
				CODE_SIGN_STYLE = Automatic;
				DEVELOPMENT_TEAM = ZMN78CD7T5;
				INFOPLIST_FILE = FoodicsAssesment/Resources/Info.plist;
				LD_RUNPATH_SEARCH_PATHS = (
					"$(inherited)",
					"@executable_path/Frameworks",
				);
				PRODUCT_BUNDLE_IDENTIFIER = MG.FoodicsAssesment;
				PRODUCT_NAME = "$(TARGET_NAME)";
				SWIFT_VERSION = 5.0;
				TARGETED_DEVICE_FAMILY = 2;
			};
			name = Release;
		};
		EDCBE8C3258B403000FC618B /* Debug */ = {
			isa = XCBuildConfiguration;
			buildSettings = {
				ALWAYS_EMBED_SWIFT_STANDARD_LIBRARIES = YES;
				BUNDLE_LOADER = "$(TEST_HOST)";
				CODE_SIGN_STYLE = Automatic;
				DEVELOPMENT_TEAM = ZMN78CD7T5;
				INFOPLIST_FILE = FoodicsAssesmentTests/Info.plist;
				IPHONEOS_DEPLOYMENT_TARGET = 14.1;
				LD_RUNPATH_SEARCH_PATHS = (
					"$(inherited)",
					"@executable_path/Frameworks",
					"@loader_path/Frameworks",
				);
				PRODUCT_BUNDLE_IDENTIFIER = MG.FoodicsAssesmentTests;
				PRODUCT_NAME = "$(TARGET_NAME)";
				SWIFT_VERSION = 5.0;
				TARGETED_DEVICE_FAMILY = "1,2";
				TEST_HOST = "$(BUILT_PRODUCTS_DIR)/FoodicsAssesment.app/FoodicsAssesment";
			};
			name = Debug;
		};
		EDCBE8C4258B403000FC618B /* Release */ = {
			isa = XCBuildConfiguration;
			buildSettings = {
				ALWAYS_EMBED_SWIFT_STANDARD_LIBRARIES = YES;
				BUNDLE_LOADER = "$(TEST_HOST)";
				CODE_SIGN_STYLE = Automatic;
				DEVELOPMENT_TEAM = ZMN78CD7T5;
				INFOPLIST_FILE = FoodicsAssesmentTests/Info.plist;
				IPHONEOS_DEPLOYMENT_TARGET = 14.1;
				LD_RUNPATH_SEARCH_PATHS = (
					"$(inherited)",
					"@executable_path/Frameworks",
					"@loader_path/Frameworks",
				);
				PRODUCT_BUNDLE_IDENTIFIER = MG.FoodicsAssesmentTests;
				PRODUCT_NAME = "$(TARGET_NAME)";
				SWIFT_VERSION = 5.0;
				TARGETED_DEVICE_FAMILY = "1,2";
				TEST_HOST = "$(BUILT_PRODUCTS_DIR)/FoodicsAssesment.app/FoodicsAssesment";
			};
			name = Release;
		};
		EDCBE8C6258B403000FC618B /* Debug */ = {
			isa = XCBuildConfiguration;
			buildSettings = {
				ALWAYS_EMBED_SWIFT_STANDARD_LIBRARIES = YES;
				CODE_SIGN_STYLE = Automatic;
				DEVELOPMENT_TEAM = ZMN78CD7T5;
				INFOPLIST_FILE = FoodicsAssesmentUITests/Info.plist;
				LD_RUNPATH_SEARCH_PATHS = (
					"$(inherited)",
					"@executable_path/Frameworks",
					"@loader_path/Frameworks",
				);
				PRODUCT_BUNDLE_IDENTIFIER = MG.FoodicsAssesmentUITests;
				PRODUCT_NAME = "$(TARGET_NAME)";
				SWIFT_VERSION = 5.0;
				TARGETED_DEVICE_FAMILY = "1,2";
				TEST_TARGET_NAME = FoodicsAssesment;
			};
			name = Debug;
		};
		EDCBE8C7258B403000FC618B /* Release */ = {
			isa = XCBuildConfiguration;
			buildSettings = {
				ALWAYS_EMBED_SWIFT_STANDARD_LIBRARIES = YES;
				CODE_SIGN_STYLE = Automatic;
				DEVELOPMENT_TEAM = ZMN78CD7T5;
				INFOPLIST_FILE = FoodicsAssesmentUITests/Info.plist;
				LD_RUNPATH_SEARCH_PATHS = (
					"$(inherited)",
					"@executable_path/Frameworks",
					"@loader_path/Frameworks",
				);
				PRODUCT_BUNDLE_IDENTIFIER = MG.FoodicsAssesmentUITests;
				PRODUCT_NAME = "$(TARGET_NAME)";
				SWIFT_VERSION = 5.0;
				TARGETED_DEVICE_FAMILY = "1,2";
				TEST_TARGET_NAME = FoodicsAssesment;
			};
			name = Release;
		};
/* End XCBuildConfiguration section */

/* Begin XCConfigurationList section */
		EDCBE890258B402D00FC618B /* Build configuration list for PBXProject "FoodicsAssesment" */ = {
			isa = XCConfigurationList;
			buildConfigurations = (
				EDCBE8BD258B403000FC618B /* Debug */,
				EDCBE8BE258B403000FC618B /* Release */,
			);
			defaultConfigurationIsVisible = 0;
			defaultConfigurationName = Release;
		};
		EDCBE8BF258B403000FC618B /* Build configuration list for PBXNativeTarget "FoodicsAssesment" */ = {
			isa = XCConfigurationList;
			buildConfigurations = (
				EDCBE8C0258B403000FC618B /* Debug */,
				EDCBE8C1258B403000FC618B /* Release */,
			);
			defaultConfigurationIsVisible = 0;
			defaultConfigurationName = Release;
		};
		EDCBE8C2258B403000FC618B /* Build configuration list for PBXNativeTarget "FoodicsAssesmentTests" */ = {
			isa = XCConfigurationList;
			buildConfigurations = (
				EDCBE8C3258B403000FC618B /* Debug */,
				EDCBE8C4258B403000FC618B /* Release */,
			);
			defaultConfigurationIsVisible = 0;
			defaultConfigurationName = Release;
		};
		EDCBE8C5258B403000FC618B /* Build configuration list for PBXNativeTarget "FoodicsAssesmentUITests" */ = {
			isa = XCConfigurationList;
			buildConfigurations = (
				EDCBE8C6258B403000FC618B /* Debug */,
				EDCBE8C7258B403000FC618B /* Release */,
			);
			defaultConfigurationIsVisible = 0;
			defaultConfigurationName = Release;
		};
/* End XCConfigurationList section */

/* Begin XCRemoteSwiftPackageReference section */
		EDCBE8DE258B448E00FC618B /* XCRemoteSwiftPackageReference "Kingfisher" */ = {
			isa = XCRemoteSwiftPackageReference;
			repositoryURL = "https://github.com/onevcat/Kingfisher";
			requirement = {
				kind = upToNextMajorVersion;
				minimumVersion = 5.15.8;
			};
		};
		EDCBE8E4258B44AA00FC618B /* XCRemoteSwiftPackageReference "promises" */ = {
			isa = XCRemoteSwiftPackageReference;
			repositoryURL = "https://github.com/google/promises";
			requirement = {
				kind = upToNextMajorVersion;
				minimumVersion = 1.2.11;
			};
		};
/* End XCRemoteSwiftPackageReference section */

/* Begin XCSwiftPackageProductDependency section */
		EDCBE8DF258B448E00FC618B /* Kingfisher */ = {
			isa = XCSwiftPackageProductDependency;
			package = EDCBE8DE258B448E00FC618B /* XCRemoteSwiftPackageReference "Kingfisher" */;
			productName = Kingfisher;
		};
		EDCBE8E5258B44AA00FC618B /* Promises */ = {
			isa = XCSwiftPackageProductDependency;
			package = EDCBE8E4258B44AA00FC618B /* XCRemoteSwiftPackageReference "promises" */;
			productName = Promises;
		};
		EDCBE8E7258B44AA00FC618B /* FBLPromises */ = {
			isa = XCSwiftPackageProductDependency;
			package = EDCBE8E4258B44AA00FC618B /* XCRemoteSwiftPackageReference "promises" */;
			productName = FBLPromises;
		};
/* End XCSwiftPackageProductDependency section */

/* Begin XCVersionGroup section */
		ED50EB3E258E1349009B10DF /* FoodicsAssesment.xcdatamodeld */ = {
			isa = XCVersionGroup;
			children = (
				ED50EB3F258E1349009B10DF /* FoodicsAssesment.xcdatamodel */,
			);
			currentVersion = ED50EB3F258E1349009B10DF /* FoodicsAssesment.xcdatamodel */;
			path = FoodicsAssesment.xcdatamodeld;
			sourceTree = "<group>";
			versionGroupType = wrapper.xcdatamodel;
		};
/* End XCVersionGroup section */
	};
	rootObject = EDCBE88D258B402D00FC618B /* Project object */;
}
