{
  "object": {
    "pins": [
      {
        "package": "Kingfisher",
        "repositoryURL": "https://github.com/onevcat/Kingfisher",
        "state": {
          "branch": null,
          "revision": "2a10bf41da75599a9f8e872dbd44fe0155a2e00c",
          "version": "5.15.8"
        }
      },
      {
        "package": "Promises",
        "repositoryURL": "https://github.com/google/promises",
        "state": {
          "branch": null,
          "revision": "d8accebc8fa32f57196df191e733f946e955c549",
          "version": "1.2.11"
        }
      }
    ]
  },
  "version": 1
}
